
Microsoft Visual Studio Solution File, Format Version 11.00
# Visual C# Express 2010
Project("{FAE04EC0-301F-11D3-BF4B-00C04F79EFBC}") = "FrameDumper", "FrameDumper\FrameDumper\FrameDumper.csproj", "{1B1A5E73-0583-4EDA-B0F9-39D75522C81F}"
EndProject
Project("{FAE04EC0-301F-11D3-BF4B-00C04F79EFBC}") = "FrameDumperContent", "FrameDumper\FrameDumperContent\FrameDumperContent.contentproj", "{9C893079-9929-4B77-9C80-C09A36295E86}"
EndProject
Global
	GlobalSection(SolutionConfigurationPlatforms) = preSolution
		Debug|x86 = Debug|x86
		Release|x86 = Release|x86
	EndGlobalSection
	GlobalSection(ProjectConfigurationPlatforms) = postSolution
		{1B1A5E73-0583-4EDA-B0F9-39D75522C81F}.Debug|x86.ActiveCfg = Release|x86
		{1B1A5E73-0583-4EDA-B0F9-39D75522C81F}.Debug|x86.Build.0 = Release|x86
		{1B1A5E73-0583-4EDA-B0F9-39D75522C81F}.Release|x86.ActiveCfg = Release|x86
		{1B1A5E73-0583-4EDA-B0F9-39D75522C81F}.Release|x86.Build.0 = Release|x86
		{9C893079-9929-4B77-9C80-C09A36295E86}.Debug|x86.ActiveCfg = Debug|x86
		{9C893079-9929-4B77-9C80-C09A36295E86}.Release|x86.ActiveCfg = Release|x86
	EndGlobalSection
	GlobalSection(SolutionProperties) = preSolution
		HideSolutionNode = FALSE
	EndGlobalSection
EndGlobal
